<Solution>
  <Folder Name="/src/">
    <Project Path="src/ValheimVillages.Core/ValheimVillages.Core.csproj" />
    <Project Path="src/ValheimVillages/ValheimVillages.csproj" />
  </Folder>
  <Folder Name="/tests/">
    <Project Path="tests/ValheimVillages.Tests/ValheimVillages.Tests.csproj" />
  </Folder>
</Solution>
